[[package]]
name = "dbus-python"
version = "1.2.18"
description = "Python bindings for libdbus"
category = "main"
optional = false
python-versions = "*"

[[package]]
name = "notify2"
version = "0.3.1"
description = "Python interface to DBus notifications"
category = "main"
optional = false
python-versions = "*"

[metadata]
lock-version = "1.1"
python-versions = "^3.9"
content-hash = "822fdde81e8a35e67c5fde07d2aef30efe41319ff3e9b3dcbc527df2af9044a1"

[metadata.files]
dbus-python = [
    {file = "dbus-python-1.2.18.tar.gz", hash = "sha256:92bdd1e68b45596c833307a5ff4b217ee6929a1502f5341bae28fd120acf7260"},
]
notify2 = [
    {file = "notify2-0.3.1-py2.py3-none-any.whl", hash = "sha256:d7e27e63c2120c074225e526754101e22f029e38e5f002b1ceaa965258bf1073"},
    {file = "notify2-0.3.1.tar.gz", hash = "sha256:33fa108d50c42f3cd3407cc437518ad3f6225d1bb237011f16393c9dd3ce197d"},
]
